
Microsoft Visual Studio Solution File, Format Version 12.00
# Visual Studio Version 16
VisualStudioVersion = 16.0.30204.135
MinimumVisualStudioVersion = 10.0.40219.1
Project("{9A19103F-16F7-4668-BE54-9A1E7A4F7556}") = "CloudApi", "CloudApi\CloudApi.csproj", "{D9291921-DA60-40F1-8DAA-E5205F572662}"
EndProject
Project("{9A19103F-16F7-4668-BE54-9A1E7A4F7556}") = "LocalApp", "LocalApp\LocalApp.csproj", "{B80A6E35-E47F-44E0-AA3C-02FC29B77BF3}"
EndProject
Project("{FAE04EC0-301F-11D3-BF4B-00C04F79EFBC}") = "Common", "Common\Common.csproj", "{21735B75-4A2C-4262-AF10-45A06C74FA84}"
EndProject
Global
	GlobalSection(SolutionConfigurationPlatforms) = preSolution
		Debug|Any CPU = Debug|Any CPU
		Release|Any CPU = Release|Any CPU
	EndGlobalSection
	GlobalSection(ProjectConfigurationPlatforms) = postSolution
		{D9291921-DA60-40F1-8DAA-E5205F572662}.Debug|Any CPU.ActiveCfg = Debug|Any CPU
		{D9291921-DA60-40F1-8DAA-E5205F572662}.Debug|Any CPU.Build.0 = Debug|Any CPU
		{D9291921-DA60-40F1-8DAA-E5205F572662}.Release|Any CPU.ActiveCfg = Release|Any CPU
		{D9291921-DA60-40F1-8DAA-E5205F572662}.Release|Any CPU.Build.0 = Release|Any CPU
		{B80A6E35-E47F-44E0-AA3C-02FC29B77BF3}.Debug|Any CPU.ActiveCfg = Debug|Any CPU
		{B80A6E35-E47F-44E0-AA3C-02FC29B77BF3}.Debug|Any CPU.Build.0 = Debug|Any CPU
		{B80A6E35-E47F-44E0-AA3C-02FC29B77BF3}.Release|Any CPU.ActiveCfg = Release|Any CPU
		{B80A6E35-E47F-44E0-AA3C-02FC29B77BF3}.Release|Any CPU.Build.0 = Release|Any CPU
		{21735B75-4A2C-4262-AF10-45A06C74FA84}.Debug|Any CPU.ActiveCfg = Debug|Any CPU
		{21735B75-4A2C-4262-AF10-45A06C74FA84}.Debug|Any CPU.Build.0 = Debug|Any CPU
		{21735B75-4A2C-4262-AF10-45A06C74FA84}.Release|Any CPU.ActiveCfg = Release|Any CPU
		{21735B75-4A2C-4262-AF10-45A06C74FA84}.Release|Any CPU.Build.0 = Release|Any CPU
	EndGlobalSection
	GlobalSection(SolutionProperties) = preSolution
		HideSolutionNode = FALSE
	EndGlobalSection
	GlobalSection(ExtensibilityGlobals) = postSolution
		SolutionGuid = {BBB91408-311D-4979-B35C-998795CDA900}
	EndGlobalSection
EndGlobal
